
Microsoft Visual Studio Solution File, Format Version 12.00
# Visual Studio Version 16
VisualStudioVersion = 16.0.29009.5
MinimumVisualStudioVersion = 10.0.40219.1
Project("{FAE04EC0-301F-11D3-BF4B-00C04F79EFBC}") = "Pubpiler.CLI", "Pubpiler.CLI\Pubpiler.CLI.csproj", "{24E560A3-9BD3-4102-A6DC-577155FA00A7}"
EndProject
Project("{FAE04EC0-301F-11D3-BF4B-00C04F79EFBC}") = "Pubpiler.Core", "Pubpiler.Core\Pubpiler.Core.csproj", "{BAAD6A3F-30C8-4BBA-BFA6-CA7FAE274110}"
EndProject
Global
	GlobalSection(SolutionConfigurationPlatforms) = preSolution
		Debug|Any CPU = Debug|Any CPU
		Release|Any CPU = Release|Any CPU
	EndGlobalSection
	GlobalSection(ProjectConfigurationPlatforms) = postSolution
		{24E560A3-9BD3-4102-A6DC-577155FA00A7}.Debug|Any CPU.ActiveCfg = Debug|Any CPU
		{24E560A3-9BD3-4102-A6DC-577155FA00A7}.Debug|Any CPU.Build.0 = Debug|Any CPU
		{24E560A3-9BD3-4102-A6DC-577155FA00A7}.Release|Any CPU.ActiveCfg = Release|Any CPU
		{24E560A3-9BD3-4102-A6DC-577155FA00A7}.Release|Any CPU.Build.0 = Release|Any CPU
		{BAAD6A3F-30C8-4BBA-BFA6-CA7FAE274110}.Debug|Any CPU.ActiveCfg = Debug|Any CPU
		{BAAD6A3F-30C8-4BBA-BFA6-CA7FAE274110}.Debug|Any CPU.Build.0 = Debug|Any CPU
		{BAAD6A3F-30C8-4BBA-BFA6-CA7FAE274110}.Release|Any CPU.ActiveCfg = Release|Any CPU
		{BAAD6A3F-30C8-4BBA-BFA6-CA7FAE274110}.Release|Any CPU.Build.0 = Release|Any CPU
	EndGlobalSection
	GlobalSection(SolutionProperties) = preSolution
		HideSolutionNode = FALSE
	EndGlobalSection
	GlobalSection(ExtensibilityGlobals) = postSolution
		SolutionGuid = {2492D5B9-D0F5-4DBF-8E36-CBBD808A3D2D}
	EndGlobalSection
EndGlobal
